
Microsoft Visual Studio Solution File, Format Version 12.00
# Visual Studio Version 17
VisualStudioVersion = 17.14.36327.8
MinimumVisualStudioVersion = 10.0.40219.1
Project("{FAE04EC0-301F-11D3-BF4B-00C04F79EFBC}") = "Backend", "Backend.csproj", "{B14B4C2A-43F4-4F35-9EE3-0459C5E55990}"
EndProject
Project("{2150E333-8FDC-42A3-9474-1A3956D46DE8}") = "Models", "Models", "{02EA681E-C7D8-13C7-8484-4AC65E1B71E8}"
EndProject
Project("{2150E333-8FDC-42A3-9474-1A3956D46DE8}") = "Entity", "Entity", "{C14DF31E-A5CA-483B-AB6E-7D39302B6AD1}"
EndProject
Project("{2150E333-8FDC-42A3-9474-1A3956D46DE8}") = "DTOs", "DTOs", "{6FC9A38D-877D-4CCE-B625-CA4D58E208FE}"
EndProject
Project("{2150E333-8FDC-42A3-9474-1A3956D46DE8}") = "ViewModels", "ViewModels", "{0294DE23-5CBD-4DBD-A3FA-C732852892F9}"
EndProject
Project("{2150E333-8FDC-42A3-9474-1A3956D46DE8}") = "Enums", "Enums", "{9C299C89-7E19-4A51-BDE5-0F0CE4D269AB}"
EndProject
Global
	GlobalSection(SolutionConfigurationPlatforms) = preSolution
		Debug|Any CPU = Debug|Any CPU
		Release|Any CPU = Release|Any CPU
	EndGlobalSection
	GlobalSection(ProjectConfigurationPlatforms) = postSolution
		{B14B4C2A-43F4-4F35-9EE3-0459C5E55990}.Debug|Any CPU.ActiveCfg = Debug|Any CPU
		{B14B4C2A-43F4-4F35-9EE3-0459C5E55990}.Debug|Any CPU.Build.0 = Debug|Any CPU
		{B14B4C2A-43F4-4F35-9EE3-0459C5E55990}.Release|Any CPU.ActiveCfg = Release|Any CPU
		{B14B4C2A-43F4-4F35-9EE3-0459C5E55990}.Release|Any CPU.Build.0 = Release|Any CPU
	EndGlobalSection
	GlobalSection(SolutionProperties) = preSolution
		HideSolutionNode = FALSE
	EndGlobalSection
	GlobalSection(NestedProjects) = preSolution
		{C14DF31E-A5CA-483B-AB6E-7D39302B6AD1} = {02EA681E-C7D8-13C7-8484-4AC65E1B71E8}
		{6FC9A38D-877D-4CCE-B625-CA4D58E208FE} = {02EA681E-C7D8-13C7-8484-4AC65E1B71E8}
		{0294DE23-5CBD-4DBD-A3FA-C732852892F9} = {02EA681E-C7D8-13C7-8484-4AC65E1B71E8}
		{9C299C89-7E19-4A51-BDE5-0F0CE4D269AB} = {02EA681E-C7D8-13C7-8484-4AC65E1B71E8}
	EndGlobalSection
	GlobalSection(ExtensibilityGlobals) = postSolution
		SolutionGuid = {E3341FB0-C1EF-4AFC-9304-D79AD1B64449}
	EndGlobalSection
EndGlobal
